
Microsoft Visual Studio Solution File, Format Version 12.00
# Visual Studio Version 16
VisualStudioVersion = 16.0.30011.22
MinimumVisualStudioVersion = 10.0.40219.1
Project("{FAE04EC0-301F-11D3-BF4B-00C04F79EFBC}") = "palochki", "palochki\palochki.csproj", "{7A8F084C-7A75-48C3-9FFE-CE10AF3B9F80}"
EndProject
Global
	GlobalSection(SolutionConfigurationPlatforms) = preSolution
		Debug|Any CPU = Debug|Any CPU
		Release|Any CPU = Release|Any CPU
	EndGlobalSection
	GlobalSection(ProjectConfigurationPlatforms) = postSolution
		{7A8F084C-7A75-48C3-9FFE-CE10AF3B9F80}.Debug|Any CPU.ActiveCfg = Debug|Any CPU
		{7A8F084C-7A75-48C3-9FFE-CE10AF3B9F80}.Debug|Any CPU.Build.0 = Debug|Any CPU
		{7A8F084C-7A75-48C3-9FFE-CE10AF3B9F80}.Release|Any CPU.ActiveCfg = Release|Any CPU
		{7A8F084C-7A75-48C3-9FFE-CE10AF3B9F80}.Release|Any CPU.Build.0 = Release|Any CPU
	EndGlobalSection
	GlobalSection(SolutionProperties) = preSolution
		HideSolutionNode = FALSE
	EndGlobalSection
	GlobalSection(ExtensibilityGlobals) = postSolution
		SolutionGuid = {15181CB8-6687-4A0A-8FF1-347067F727B5}
	EndGlobalSection
EndGlobal
